// !$*UTF8*$!
{
	archiveVersion = 1;
	classes = {
	};
	objectVersion = 50;
	objects = {

/* Begin PBXBuildFile section */
		037CAC2C25BDB128009326A1 /* StoriesComponentDelegate.swift in Sources */ = {isa = PBXBuildFile; fileRef = 037CAC2B25BDB128009326A1 /* StoriesComponentDelegate.swift */; };
		037CAC4625BDE85E009326A1 /* News.swift in Sources */ = {isa = PBXBuildFile; fileRef = 037CAC4525BDE85E009326A1 /* News.swift */; };
		037CAC4E25BDF90B009326A1 /* StoriesLabel.swift in Sources */ = {isa = PBXBuildFile; fileRef = 037CAC4D25BDF90B009326A1 /* StoriesLabel.swift */; };
		03C1115025BA16C4004F8EBB /* AppDelegate.swift in Sources */ = {isa = PBXBuildFile; fileRef = 03C1114F25BA16C4004F8EBB /* AppDelegate.swift */; };
		03C1115225BA16C4004F8EBB /* SceneDelegate.swift in Sources */ = {isa = PBXBuildFile; fileRef = 03C1115125BA16C4004F8EBB /* SceneDelegate.swift */; };
		03C1115425BA16C4004F8EBB /* ViewController.swift in Sources */ = {isa = PBXBuildFile; fileRef = 03C1115325BA16C4004F8EBB /* ViewController.swift */; };
		03C1115A25BA16C4004F8EBB /* GuruStoriesTest.xcdatamodeld in Sources */ = {isa = PBXBuildFile; fileRef = 03C1115825BA16C4004F8EBB /* GuruStoriesTest.xcdatamodeld */; };
		03C1115C25BA16C5004F8EBB /* Assets.xcassets in Resources */ = {isa = PBXBuildFile; fileRef = 03C1115B25BA16C5004F8EBB /* Assets.xcassets */; };
		03C1115F25BA16C5004F8EBB /* LaunchScreen.storyboard in Resources */ = {isa = PBXBuildFile; fileRef = 03C1115D25BA16C5004F8EBB /* LaunchScreen.storyboard */; };
		03C1116C25BA196A004F8EBB /* StoriesComponent.swift in Sources */ = {isa = PBXBuildFile; fileRef = 03C1116B25BA196A004F8EBB /* StoriesComponent.swift */; };
		03C9966925BA5F0700B6BCAF /* StoriesComponentViewModel.swift in Sources */ = {isa = PBXBuildFile; fileRef = 03C9966825BA5F0700B6BCAF /* StoriesComponentViewModel.swift */; };
		03C9967725BB50E900B6BCAF /* StoriesProgressView.swift in Sources */ = {isa = PBXBuildFile; fileRef = 03C9967625BB50E900B6BCAF /* StoriesProgressView.swift */; };
/* End PBXBuildFile section */

/* Begin PBXFileReference section */
		037CAC2B25BDB128009326A1 /* StoriesComponentDelegate.swift */ = {isa = PBXFileReference; lastKnownFileType = sourcecode.swift; path = StoriesComponentDelegate.swift; sourceTree = "<group>"; };
		037CAC4525BDE85E009326A1 /* News.swift */ = {isa = PBXFileReference; lastKnownFileType = sourcecode.swift; path = News.swift; sourceTree = "<group>"; };
		037CAC4D25BDF90B009326A1 /* StoriesLabel.swift */ = {isa = PBXFileReference; lastKnownFileType = sourcecode.swift; path = StoriesLabel.swift; sourceTree = "<group>"; };
		03C1114C25BA16C4004F8EBB /* GuruStoriesTest.app */ = {isa = PBXFileReference; explicitFileType = wrapper.application; includeInIndex = 0; path = GuruStoriesTest.app; sourceTree = BUILT_PRODUCTS_DIR; };
		03C1114F25BA16C4004F8EBB /* AppDelegate.swift */ = {isa = PBXFileReference; lastKnownFileType = sourcecode.swift; path = AppDelegate.swift; sourceTree = "<group>"; };
		03C1115125BA16C4004F8EBB /* SceneDelegate.swift */ = {isa = PBXFileReference; lastKnownFileType = sourcecode.swift; path = SceneDelegate.swift; sourceTree = "<group>"; };
		03C1115325BA16C4004F8EBB /* ViewController.swift */ = {isa = PBXFileReference; lastKnownFileType = sourcecode.swift; path = ViewController.swift; sourceTree = "<group>"; };
		03C1115925BA16C4004F8EBB /* GuruStoriesTest.xcdatamodel */ = {isa = PBXFileReference; lastKnownFileType = wrapper.xcdatamodel; path = GuruStoriesTest.xcdatamodel; sourceTree = "<group>"; };
		03C1115B25BA16C5004F8EBB /* Assets.xcassets */ = {isa = PBXFileReference; lastKnownFileType = folder.assetcatalog; path = Assets.xcassets; sourceTree = "<group>"; };
		03C1115E25BA16C5004F8EBB /* Base */ = {isa = PBXFileReference; lastKnownFileType = file.storyboard; name = Base; path = Base.lproj/LaunchScreen.storyboard; sourceTree = "<group>"; };
		03C1116025BA16C5004F8EBB /* Info.plist */ = {isa = PBXFileReference; lastKnownFileType = text.plist.xml; path = Info.plist; sourceTree = "<group>"; };
		03C1116B25BA196A004F8EBB /* StoriesComponent.swift */ = {isa = PBXFileReference; lastKnownFileType = sourcecode.swift; path = StoriesComponent.swift; sourceTree = "<group>"; };
		03C9966825BA5F0700B6BCAF /* StoriesComponentViewModel.swift */ = {isa = PBXFileReference; lastKnownFileType = sourcecode.swift; path = StoriesComponentViewModel.swift; sourceTree = "<group>"; };
		03C9967625BB50E900B6BCAF /* StoriesProgressView.swift */ = {isa = PBXFileReference; lastKnownFileType = sourcecode.swift; path = StoriesProgressView.swift; sourceTree = "<group>"; };
/* End PBXFileReference section */

/* Begin PBXFrameworksBuildPhase section */
		03C1114925BA16C4004F8EBB /* Frameworks */ = {
			isa = PBXFrameworksBuildPhase;
			buildActionMask = 2147483647;
			files = (
			);
			runOnlyForDeploymentPostprocessing = 0;
		};
/* End PBXFrameworksBuildPhase section */

/* Begin PBXGroup section */
		037CAC2A25BDB0EB009326A1 /* Protocols */ = {
			isa = PBXGroup;
			children = (
				037CAC2B25BDB128009326A1 /* StoriesComponentDelegate.swift */,
			);
			path = Protocols;
			sourceTree = "<group>";
		};
		03C1114325BA16C4004F8EBB = {
			isa = PBXGroup;
			children = (
				03C1114E25BA16C4004F8EBB /* GuruStoriesTest */,
				03C1114D25BA16C4004F8EBB /* Products */,
			);
			sourceTree = "<group>";
		};
		03C1114D25BA16C4004F8EBB /* Products */ = {
			isa = PBXGroup;
			children = (
				03C1114C25BA16C4004F8EBB /* GuruStoriesTest.app */,
			);
			name = Products;
			sourceTree = "<group>";
		};
		03C1114E25BA16C4004F8EBB /* GuruStoriesTest */ = {
			isa = PBXGroup;
			children = (
				03C1114F25BA16C4004F8EBB /* AppDelegate.swift */,
				03C1115125BA16C4004F8EBB /* SceneDelegate.swift */,
				03C1115325BA16C4004F8EBB /* ViewController.swift */,
				03C1116925BA1939004F8EBB /* Components */,
				03C1115B25BA16C5004F8EBB /* Assets.xcassets */,
				03C1115D25BA16C5004F8EBB /* LaunchScreen.storyboard */,
				03C1116025BA16C5004F8EBB /* Info.plist */,
				03C1115825BA16C4004F8EBB /* GuruStoriesTest.xcdatamodeld */,
			);
			path = GuruStoriesTest;
			sourceTree = "<group>";
		};
		03C1116925BA1939004F8EBB /* Components */ = {
			isa = PBXGroup;
			children = (
				037CAC2A25BDB0EB009326A1 /* Protocols */,
				03C1116B25BA196A004F8EBB /* StoriesComponent.swift */,
				037CAC4D25BDF90B009326A1 /* StoriesLabel.swift */,
				03C9967625BB50E900B6BCAF /* StoriesProgressView.swift */,
				03C9966825BA5F0700B6BCAF /* StoriesComponentViewModel.swift */,
				037CAC4525BDE85E009326A1 /* News.swift */,
			);
			path = Components;
			sourceTree = "<group>";
		};
/* End PBXGroup section */

/* Begin PBXNativeTarget section */
		03C1114B25BA16C4004F8EBB /* GuruStoriesTest */ = {
			isa = PBXNativeTarget;
			buildConfigurationList = 03C1116325BA16C5004F8EBB /* Build configuration list for PBXNativeTarget "GuruStoriesTest" */;
			buildPhases = (
				03C1114825BA16C4004F8EBB /* Sources */,
				03C1114925BA16C4004F8EBB /* Frameworks */,
				03C1114A25BA16C4004F8EBB /* Resources */,
				03C1116E25BA1980004F8EBB /* SwiftLint */,
			);
			buildRules = (
			);
			dependencies = (
			);
			name = GuruStoriesTest;
			productName = GuruStoriesTest;
			productReference = 03C1114C25BA16C4004F8EBB /* GuruStoriesTest.app */;
			productType = "com.apple.product-type.application";
		};
/* End PBXNativeTarget section */

/* Begin PBXProject section */
		03C1114425BA16C4004F8EBB /* Project object */ = {
			isa = PBXProject;
			attributes = {
				LastSwiftUpdateCheck = 1230;
				LastUpgradeCheck = 1230;
				TargetAttributes = {
					03C1114B25BA16C4004F8EBB = {
						CreatedOnToolsVersion = 12.3;
					};
				};
			};
			buildConfigurationList = 03C1114725BA16C4004F8EBB /* Build configuration list for PBXProject "GuruStoriesTest" */;
			compatibilityVersion = "Xcode 9.3";
			developmentRegion = en;
			hasScannedForEncodings = 0;
			knownRegions = (
				en,
				Base,
			);
			mainGroup = 03C1114325BA16C4004F8EBB;
			productRefGroup = 03C1114D25BA16C4004F8EBB /* Products */;
			projectDirPath = "";
			projectRoot = "";
			targets = (
				03C1114B25BA16C4004F8EBB /* GuruStoriesTest */,
			);
		};
/* End PBXProject section */

/* Begin PBXResourcesBuildPhase section */
		03C1114A25BA16C4004F8EBB /* Resources */ = {
			isa = PBXResourcesBuildPhase;
			buildActionMask = 2147483647;
			files = (
				03C1115F25BA16C5004F8EBB /* LaunchScreen.storyboard in Resources */,
				03C1115C25BA16C5004F8EBB /* Assets.xcassets in Resources */,
			);
			runOnlyForDeploymentPostprocessing = 0;
		};
/* End PBXResourcesBuildPhase section */

/* Begin PBXShellScriptBuildPhase section */
		03C1116E25BA1980004F8EBB /* SwiftLint */ = {
			isa = PBXShellScriptBuildPhase;
			buildActionMask = 2147483647;
			files = (
			);
			inputFileListPaths = (
			);
			inputPaths = (
			);
			name = SwiftLint;
			outputFileListPaths = (
			);
			outputPaths = (
			);
			runOnlyForDeploymentPostprocessing = 0;
			shellPath = /bin/sh;
			shellScript = "# Type a script or drag a script file from your workspace to insert its path.\nif which swiftlint >/dev/null; then\n  swiftlint\nelse\n  echo \"warning: SwiftLint not installed, download from https://github.com/realm/SwiftLint\"\nfi\n";
		};
/* End PBXShellScriptBuildPhase section */

/* Begin PBXSourcesBuildPhase section */
		03C1114825BA16C4004F8EBB /* Sources */ = {
			isa = PBXSourcesBuildPhase;
			buildActionMask = 2147483647;
			files = (
				03C9966925BA5F0700B6BCAF /* StoriesComponentViewModel.swift in Sources */,
				03C1116C25BA196A004F8EBB /* StoriesComponent.swift in Sources */,
				03C1115A25BA16C4004F8EBB /* GuruStoriesTest.xcdatamodeld in Sources */,
				03C1115425BA16C4004F8EBB /* ViewController.swift in Sources */,
				03C1115025BA16C4004F8EBB /* AppDelegate.swift in Sources */,
				037CAC4625BDE85E009326A1 /* News.swift in Sources */,
				03C9967725BB50E900B6BCAF /* StoriesProgressView.swift in Sources */,
				03C1115225BA16C4004F8EBB /* SceneDelegate.swift in Sources */,
				037CAC4E25BDF90B009326A1 /* StoriesLabel.swift in Sources */,
				037CAC2C25BDB128009326A1 /* StoriesComponentDelegate.swift in Sources */,
			);
			runOnlyForDeploymentPostprocessing = 0;
		};
/* End PBXSourcesBuildPhase section */

/* Begin PBXVariantGroup section */
		03C1115D25BA16C5004F8EBB /* LaunchScreen.storyboard */ = {
			isa = PBXVariantGroup;
			children = (
				03C1115E25BA16C5004F8EBB /* Base */,
			);
			name = LaunchScreen.storyboard;
			sourceTree = "<group>";
		};
/* End PBXVariantGroup section */

/* Begin XCBuildConfiguration section */
		03C1116125BA16C5004F8EBB /* Debug */ = {
			isa = XCBuildConfiguration;
			buildSettings = {
				ALWAYS_SEARCH_USER_PATHS = NO;
				CLANG_ANALYZER_NONNULL = YES;
				CLANG_ANALYZER_NUMBER_OBJECT_CONVERSION = YES_AGGRESSIVE;
				CLANG_CXX_LANGUAGE_STANDARD = "gnu++14";
				CLANG_CXX_LIBRARY = "libc++";
				CLANG_ENABLE_MODULES = YES;
				CLANG_ENABLE_OBJC_ARC = YES;
				CLANG_ENABLE_OBJC_WEAK = YES;
				CLANG_WARN_BLOCK_CAPTURE_AUTORELEASING = YES;
				CLANG_WARN_BOOL_CONVERSION = YES;
				CLANG_WARN_COMMA = YES;
				CLANG_WARN_CONSTANT_CONVERSION = YES;
				CLANG_WARN_DEPRECATED_OBJC_IMPLEMENTATIONS = YES;
				CLANG_WARN_DIRECT_OBJC_ISA_USAGE = YES_ERROR;
				CLANG_WARN_DOCUMENTATION_COMMENTS = YES;
				CLANG_WARN_EMPTY_BODY = YES;
				CLANG_WARN_ENUM_CONVERSION = YES;
				CLANG_WARN_INFINITE_RECURSION = YES;
				CLANG_WARN_INT_CONVERSION = YES;
				CLANG_WARN_NON_LITERAL_NULL_CONVERSION = YES;
				CLANG_WARN_OBJC_IMPLICIT_RETAIN_SELF = YES;
				CLANG_WARN_OBJC_LITERAL_CONVERSION = YES;
				CLANG_WARN_OBJC_ROOT_CLASS = YES_ERROR;
				CLANG_WARN_QUOTED_INCLUDE_IN_FRAMEWORK_HEADER = YES;
				CLANG_WARN_RANGE_LOOP_ANALYSIS = YES;
				CLANG_WARN_STRICT_PROTOTYPES = YES;
				CLANG_WARN_SUSPICIOUS_MOVE = YES;
				CLANG_WARN_UNGUARDED_AVAILABILITY = YES_AGGRESSIVE;
				CLANG_WARN_UNREACHABLE_CODE = YES;
				CLANG_WARN__DUPLICATE_METHOD_MATCH = YES;
				COPY_PHASE_STRIP = NO;
				DEBUG_INFORMATION_FORMAT = dwarf;
				ENABLE_STRICT_OBJC_MSGSEND = YES;
				ENABLE_TESTABILITY = YES;
				GCC_C_LANGUAGE_STANDARD = gnu11;
				GCC_DYNAMIC_NO_PIC = NO;
				GCC_NO_COMMON_BLOCKS = YES;
				GCC_OPTIMIZATION_LEVEL = 0;
				GCC_PREPROCESSOR_DEFINITIONS = (
					"DEBUG=1",
					"$(inherited)",
				);
				GCC_WARN_64_TO_32_BIT_CONVERSION = YES;
				GCC_WARN_ABOUT_RETURN_TYPE = YES_ERROR;
				GCC_WARN_UNDECLARED_SELECTOR = YES;
				GCC_WARN_UNINITIALIZED_AUTOS = YES_AGGRESSIVE;
				GCC_WARN_UNUSED_FUNCTION = YES;
				GCC_WARN_UNUSED_VARIABLE = YES;
				IPHONEOS_DEPLOYMENT_TARGET = 14.3;
				MTL_ENABLE_DEBUG_INFO = INCLUDE_SOURCE;
				MTL_FAST_MATH = YES;
				ONLY_ACTIVE_ARCH = YES;
				SDKROOT = iphoneos;
				SWIFT_ACTIVE_COMPILATION_CONDITIONS = DEBUG;
				SWIFT_OPTIMIZATION_LEVEL = "-Onone";
			};
			name = Debug;
		};
		03C1116225BA16C5004F8EBB /* Release */ = {
			isa = XCBuildConfiguration;
			buildSettings = {
				ALWAYS_SEARCH_USER_PATHS = NO;
				CLANG_ANALYZER_NONNULL = YES;
				CLANG_ANALYZER_NUMBER_OBJECT_CONVERSION = YES_AGGRESSIVE;
				CLANG_CXX_LANGUAGE_STANDARD = "gnu++14";
				CLANG_CXX_LIBRARY = "libc++";
				CLANG_ENABLE_MODULES = YES;
				CLANG_ENABLE_OBJC_ARC = YES;
				CLANG_ENABLE_OBJC_WEAK = YES;
				CLANG_WARN_BLOCK_CAPTURE_AUTORELEASING = YES;
				CLANG_WARN_BOOL_CONVERSION = YES;
				CLANG_WARN_COMMA = YES;
				CLANG_WARN_CONSTANT_CONVERSION = YES;
				CLANG_WARN_DEPRECATED_OBJC_IMPLEMENTATIONS = YES;
				CLANG_WARN_DIRECT_OBJC_ISA_USAGE = YES_ERROR;
				CLANG_WARN_DOCUMENTATION_COMMENTS = YES;
				CLANG_WARN_EMPTY_BODY = YES;
				CLANG_WARN_ENUM_CONVERSION = YES;
				CLANG_WARN_INFINITE_RECURSION = YES;
				CLANG_WARN_INT_CONVERSION = YES;
				CLANG_WARN_NON_LITERAL_NULL_CONVERSION = YES;
				CLANG_WARN_OBJC_IMPLICIT_RETAIN_SELF = YES;
				CLANG_WARN_OBJC_LITERAL_CONVERSION = YES;
				CLANG_WARN_OBJC_ROOT_CLASS = YES_ERROR;
				CLANG_WARN_QUOTED_INCLUDE_IN_FRAMEWORK_HEADER = YES;
				CLANG_WARN_RANGE_LOOP_ANALYSIS = YES;
				CLANG_WARN_STRICT_PROTOTYPES = YES;
				CLANG_WARN_SUSPICIOUS_MOVE = YES;
				CLANG_WARN_UNGUARDED_AVAILABILITY = YES_AGGRESSIVE;
				CLANG_WARN_UNREACHABLE_CODE = YES;
				CLANG_WARN__DUPLICATE_METHOD_MATCH = YES;
				COPY_PHASE_STRIP = NO;
				DEBUG_INFORMATION_FORMAT = "dwarf-with-dsym";
				ENABLE_NS_ASSERTIONS = NO;
				ENABLE_STRICT_OBJC_MSGSEND = YES;
				GCC_C_LANGUAGE_STANDARD = gnu11;
				GCC_NO_COMMON_BLOCKS = YES;
				GCC_WARN_64_TO_32_BIT_CONVERSION = YES;
				GCC_WARN_ABOUT_RETURN_TYPE = YES_ERROR;
				GCC_WARN_UNDECLARED_SELECTOR = YES;
				GCC_WARN_UNINITIALIZED_AUTOS = YES_AGGRESSIVE;
				GCC_WARN_UNUSED_FUNCTION = YES;
				GCC_WARN_UNUSED_VARIABLE = YES;
				IPHONEOS_DEPLOYMENT_TARGET = 14.3;
				MTL_ENABLE_DEBUG_INFO = NO;
				MTL_FAST_MATH = YES;
				SDKROOT = iphoneos;
				SWIFT_COMPILATION_MODE = wholemodule;
				SWIFT_OPTIMIZATION_LEVEL = "-O";
				VALIDATE_PRODUCT = YES;
			};
			name = Release;
		};
		03C1116425BA16C5004F8EBB /* Debug */ = {
			isa = XCBuildConfiguration;
			buildSettings = {
				ASSETCATALOG_COMPILER_APPICON_NAME = AppIcon;
				ASSETCATALOG_COMPILER_GLOBAL_ACCENT_COLOR_NAME = AccentColor;
				CODE_SIGN_STYLE = Automatic;
				DEVELOPMENT_TEAM = 62NRBAKMQ3;
				INFOPLIST_FILE = GuruStoriesTest/Info.plist;
				LD_RUNPATH_SEARCH_PATHS = (
					"$(inherited)",
					"@executable_path/Frameworks",
				);
				PRODUCT_BUNDLE_IDENTIFIER = "Apple-academy.GuruStoriesTest";
				PRODUCT_NAME = "$(TARGET_NAME)";
				SWIFT_VERSION = 5.0;
				TARGETED_DEVICE_FAMILY = "1,2";
			};
			name = Debug;
		};
		03C1116525BA16C5004F8EBB /* Release */ = {
			isa = XCBuildConfiguration;
			buildSettings = {
				ASSETCATALOG_COMPILER_APPICON_NAME = AppIcon;
				ASSETCATALOG_COMPILER_GLOBAL_ACCENT_COLOR_NAME = AccentColor;
				CODE_SIGN_STYLE = Automatic;
				DEVELOPMENT_TEAM = 62NRBAKMQ3;
				INFOPLIST_FILE = GuruStoriesTest/Info.plist;
				LD_RUNPATH_SEARCH_PATHS = (
					"$(inherited)",
					"@executable_path/Frameworks",
				);
				PRODUCT_BUNDLE_IDENTIFIER = "Apple-academy.GuruStoriesTest";
				PRODUCT_NAME = "$(TARGET_NAME)";
				SWIFT_VERSION = 5.0;
				TARGETED_DEVICE_FAMILY = "1,2";
			};
			name = Release;
		};
/* End XCBuildConfiguration section */

/* Begin XCConfigurationList section */
		03C1114725BA16C4004F8EBB /* Build configuration list for PBXProject "GuruStoriesTest" */ = {
			isa = XCConfigurationList;
			buildConfigurations = (
				03C1116125BA16C5004F8EBB /* Debug */,
				03C1116225BA16C5004F8EBB /* Release */,
			);
			defaultConfigurationIsVisible = 0;
			defaultConfigurationName = Release;
		};
		03C1116325BA16C5004F8EBB /* Build configuration list for PBXNativeTarget "GuruStoriesTest" */ = {
			isa = XCConfigurationList;
			buildConfigurations = (
				03C1116425BA16C5004F8EBB /* Debug */,
				03C1116525BA16C5004F8EBB /* Release */,
			);
			defaultConfigurationIsVisible = 0;
			defaultConfigurationName = Release;
		};
/* End XCConfigurationList section */

/* Begin XCVersionGroup section */
		03C1115825BA16C4004F8EBB /* GuruStoriesTest.xcdatamodeld */ = {
			isa = XCVersionGroup;
			children = (
				03C1115925BA16C4004F8EBB /* GuruStoriesTest.xcdatamodel */,
			);
			currentVersion = 03C1115925BA16C4004F8EBB /* GuruStoriesTest.xcdatamodel */;
			path = GuruStoriesTest.xcdatamodeld;
			sourceTree = "<group>";
			versionGroupType = wrapper.xcdatamodel;
		};
/* End XCVersionGroup section */
	};
	rootObject = 03C1114425BA16C4004F8EBB /* Project object */;
}
